
Microsoft Visual Studio Solution File, Format Version 12.00
# Visual Studio Version 16
VisualStudioVersion = 16.0.30323.103
MinimumVisualStudioVersion = 10.0.40219.1
Project("{9A19103F-16F7-4668-BE54-9A1E7A4F7556}") = "FluentGraphQL.Client", "FluentGraphQL.Client\FluentGraphQL.Client.csproj", "{CD193DE0-2D34-411B-A983-F0896C0A71E9}"
EndProject
Project("{9A19103F-16F7-4668-BE54-9A1E7A4F7556}") = "FluentGraphQL.Builder", "FluentGraphQL.Builder\FluentGraphQL.Builder.csproj", "{F9F7EB21-092F-455B-A220-98BD57DE90B0}"
EndProject
Project("{9A19103F-16F7-4668-BE54-9A1E7A4F7556}") = "FluentGraphQL.Abstractions", "FluentGraphQL.Abstractions\FluentGraphQL.Abstractions.csproj", "{21021F9B-0B11-4A91-A0B8-E096E291036D}"
EndProject
Project("{9A19103F-16F7-4668-BE54-9A1E7A4F7556}") = "FluentGraphQL.Tests", "FluentGraphQL.Tests\FluentGraphQL.Tests.csproj", "{B2376163-718A-44DE-80C4-DE053DC61F20}"
EndProject
Project("{2150E333-8FDC-42A3-9474-1A3956D46DE8}") = "Solution Items", "Solution Items", "{02A35BFA-B5C0-47CB-A6BC-3E9A81F0A3D1}"
	ProjectSection(SolutionItems) = preProject
		LICENSE = LICENSE
		README.md = README.md
	EndProjectSection
EndProject
Project("{2150E333-8FDC-42A3-9474-1A3956D46DE8}") = "Docs", "Docs", "{DA24B3F3-3890-46C0-84BA-727FEE2BB587}"
	ProjectSection(SolutionItems) = preProject
		01.getting-started.md = 01.getting-started.md
		02.options.md = 02.options.md
	EndProjectSection
EndProject
Global
	GlobalSection(SolutionConfigurationPlatforms) = preSolution
		Debug|Any CPU = Debug|Any CPU
		Release|Any CPU = Release|Any CPU
	EndGlobalSection
	GlobalSection(ProjectConfigurationPlatforms) = postSolution
		{CD193DE0-2D34-411B-A983-F0896C0A71E9}.Debug|Any CPU.ActiveCfg = Debug|Any CPU
		{CD193DE0-2D34-411B-A983-F0896C0A71E9}.Debug|Any CPU.Build.0 = Debug|Any CPU
		{CD193DE0-2D34-411B-A983-F0896C0A71E9}.Release|Any CPU.ActiveCfg = Release|Any CPU
		{CD193DE0-2D34-411B-A983-F0896C0A71E9}.Release|Any CPU.Build.0 = Release|Any CPU
		{F9F7EB21-092F-455B-A220-98BD57DE90B0}.Debug|Any CPU.ActiveCfg = Debug|Any CPU
		{F9F7EB21-092F-455B-A220-98BD57DE90B0}.Debug|Any CPU.Build.0 = Debug|Any CPU
		{F9F7EB21-092F-455B-A220-98BD57DE90B0}.Release|Any CPU.ActiveCfg = Release|Any CPU
		{F9F7EB21-092F-455B-A220-98BD57DE90B0}.Release|Any CPU.Build.0 = Release|Any CPU
		{21021F9B-0B11-4A91-A0B8-E096E291036D}.Debug|Any CPU.ActiveCfg = Debug|Any CPU
		{21021F9B-0B11-4A91-A0B8-E096E291036D}.Debug|Any CPU.Build.0 = Debug|Any CPU
		{21021F9B-0B11-4A91-A0B8-E096E291036D}.Release|Any CPU.ActiveCfg = Release|Any CPU
		{21021F9B-0B11-4A91-A0B8-E096E291036D}.Release|Any CPU.Build.0 = Release|Any CPU
		{B2376163-718A-44DE-80C4-DE053DC61F20}.Debug|Any CPU.ActiveCfg = Debug|Any CPU
		{B2376163-718A-44DE-80C4-DE053DC61F20}.Debug|Any CPU.Build.0 = Debug|Any CPU
		{B2376163-718A-44DE-80C4-DE053DC61F20}.Release|Any CPU.ActiveCfg = Release|Any CPU
		{B2376163-718A-44DE-80C4-DE053DC61F20}.Release|Any CPU.Build.0 = Release|Any CPU
	EndGlobalSection
	GlobalSection(SolutionProperties) = preSolution
		HideSolutionNode = FALSE
	EndGlobalSection
	GlobalSection(NestedProjects) = preSolution
		{DA24B3F3-3890-46C0-84BA-727FEE2BB587} = {02A35BFA-B5C0-47CB-A6BC-3E9A81F0A3D1}
	EndGlobalSection
	GlobalSection(ExtensibilityGlobals) = postSolution
		SolutionGuid = {9857689E-E274-4AE0-995E-FB6A0160AF7A}
	EndGlobalSection
EndGlobal
